
Microsoft Visual Studio Solution File, Format Version 12.00
# Visual Studio Version 16
VisualStudioVersion = 16.0.31410.357
MinimumVisualStudioVersion = 10.0.40219.1
Project("{FAE04EC0-301F-11D3-BF4B-00C04F79EFBC}") = "Study", "Study\Study.csproj", "{D92F988D-AB3F-4C1A-B6BC-F44335504E0A}"
EndProject
Global
	GlobalSection(SolutionConfigurationPlatforms) = preSolution
		Debug|Any CPU = Debug|Any CPU
		Release|Any CPU = Release|Any CPU
	EndGlobalSection
	GlobalSection(ProjectConfigurationPlatforms) = postSolution
		{D92F988D-AB3F-4C1A-B6BC-F44335504E0A}.Debug|Any CPU.ActiveCfg = Debug|Any CPU
		{D92F988D-AB3F-4C1A-B6BC-F44335504E0A}.Debug|Any CPU.Build.0 = Debug|Any CPU
		{D92F988D-AB3F-4C1A-B6BC-F44335504E0A}.Release|Any CPU.ActiveCfg = Release|Any CPU
		{D92F988D-AB3F-4C1A-B6BC-F44335504E0A}.Release|Any CPU.Build.0 = Release|Any CPU
	EndGlobalSection
	GlobalSection(SolutionProperties) = preSolution
		HideSolutionNode = FALSE
	EndGlobalSection
	GlobalSection(ExtensibilityGlobals) = postSolution
		SolutionGuid = {BF3DB2BF-11AD-4248-AB28-864DE1F4C014}
	EndGlobalSection
EndGlobal
